
Microsoft Visual Studio Solution File, Format Version 12.00
# Visual Studio Version 17
VisualStudioVersion = 17.0.31903.59
MinimumVisualStudioVersion = 10.0.40219.1
Project("{FAE04EC0-301F-11D3-BF4B-00C04F79EFBC}") = "TestIdempotentApi", "IdempotentApi\TestIdempotentApi.csproj", "{EE1E0188-FB69-4D0C-AD9C-0C790BFE61B5}"
EndProject
Project("{E53339B2-1760-4266-BCC7-CA923CBCF16C}") = "docker-compose", "docker-compose.dcproj", "{30C3BA0B-3835-4302-B93A-B7F384E880C5}"
EndProject
Global
	GlobalSection(SolutionConfigurationPlatforms) = preSolution
		Debug|Any CPU = Debug|Any CPU
		Release|Any CPU = Release|Any CPU
	EndGlobalSection
	GlobalSection(ProjectConfigurationPlatforms) = postSolution
		{EE1E0188-FB69-4D0C-AD9C-0C790BFE61B5}.Debug|Any CPU.ActiveCfg = Debug|Any CPU
		{EE1E0188-FB69-4D0C-AD9C-0C790BFE61B5}.Debug|Any CPU.Build.0 = Debug|Any CPU
		{EE1E0188-FB69-4D0C-AD9C-0C790BFE61B5}.Release|Any CPU.ActiveCfg = Release|Any CPU
		{EE1E0188-FB69-4D0C-AD9C-0C790BFE61B5}.Release|Any CPU.Build.0 = Release|Any CPU
		{30C3BA0B-3835-4302-B93A-B7F384E880C5}.Debug|Any CPU.ActiveCfg = Debug|Any CPU
		{30C3BA0B-3835-4302-B93A-B7F384E880C5}.Debug|Any CPU.Build.0 = Debug|Any CPU
		{30C3BA0B-3835-4302-B93A-B7F384E880C5}.Release|Any CPU.ActiveCfg = Release|Any CPU
		{30C3BA0B-3835-4302-B93A-B7F384E880C5}.Release|Any CPU.Build.0 = Release|Any CPU
	EndGlobalSection
	GlobalSection(SolutionProperties) = preSolution
		HideSolutionNode = FALSE
	EndGlobalSection
	GlobalSection(ExtensibilityGlobals) = postSolution
		SolutionGuid = {050B3AF6-3D7E-4F07-9D68-258BAC08A54D}
	EndGlobalSection
EndGlobal
